
Microsoft Visual Studio Solution File, Format Version 12.00
# Visual Studio Version 16
VisualStudioVersion = 16.0.31005.135
MinimumVisualStudioVersion = 10.0.40219.1
Project("{9A19103F-16F7-4668-BE54-9A1E7A4F7556}") = "EvE", "EvE.csproj", "{1EDB6845-97BF-4214-963E-E4F33554F161}"
EndProject
Global
	GlobalSection(SolutionConfigurationPlatforms) = preSolution
		Debug|Any CPU = Debug|Any CPU
		Release|Any CPU = Release|Any CPU
	EndGlobalSection
	GlobalSection(ProjectConfigurationPlatforms) = postSolution
		{1EDB6845-97BF-4214-963E-E4F33554F161}.Debug|Any CPU.ActiveCfg = Debug|Any CPU
		{1EDB6845-97BF-4214-963E-E4F33554F161}.Debug|Any CPU.Build.0 = Debug|Any CPU
		{1EDB6845-97BF-4214-963E-E4F33554F161}.Release|Any CPU.ActiveCfg = Release|Any CPU
		{1EDB6845-97BF-4214-963E-E4F33554F161}.Release|Any CPU.Build.0 = Release|Any CPU
	EndGlobalSection
	GlobalSection(SolutionProperties) = preSolution
		HideSolutionNode = FALSE
	EndGlobalSection
	GlobalSection(ExtensibilityGlobals) = postSolution
		SolutionGuid = {7EDA6BF5-811D-4FE4-A4E3-72FE288ECB36}
	EndGlobalSection
EndGlobal
